
Microsoft Visual Studio Solution File, Format Version 9.00
# Visual Studio 2005
Project("{FAE04EC0-301F-11D3-BF4B-00C04F79EFBC}") = "OpenbusAPI", "OpenbusAPI.csproj", "{F7F4E7D6-0952-43B7-9468-A211E5153A15}"
EndProject
Project("{FAE04EC0-301F-11D3-BF4B-00C04F79EFBC}") = "Test_API", "..\..\test\c#\Test_API\Test_API.csproj", "{D850AAEC-D3C8-4B5C-8482-A0E3DF5963B6}"
	ProjectSection(ProjectDependencies) = postProject
		{F7F4E7D6-0952-43B7-9468-A211E5153A15} = {F7F4E7D6-0952-43B7-9468-A211E5153A15}
	EndProjectSection
EndProject
Global
	GlobalSection(SolutionConfigurationPlatforms) = preSolution
		Debug|Any CPU = Debug|Any CPU
		Release|Any CPU = Release|Any CPU
	EndGlobalSection
	GlobalSection(ProjectConfigurationPlatforms) = postSolution
		{F7F4E7D6-0952-43B7-9468-A211E5153A15}.Debug|Any CPU.ActiveCfg = Debug|Any CPU
		{F7F4E7D6-0952-43B7-9468-A211E5153A15}.Debug|Any CPU.Build.0 = Debug|Any CPU
		{F7F4E7D6-0952-43B7-9468-A211E5153A15}.Release|Any CPU.ActiveCfg = Release|Any CPU
		{F7F4E7D6-0952-43B7-9468-A211E5153A15}.Release|Any CPU.Build.0 = Release|Any CPU
		{D850AAEC-D3C8-4B5C-8482-A0E3DF5963B6}.Debug|Any CPU.ActiveCfg = Debug|Any CPU
		{D850AAEC-D3C8-4B5C-8482-A0E3DF5963B6}.Debug|Any CPU.Build.0 = Debug|Any CPU
		{D850AAEC-D3C8-4B5C-8482-A0E3DF5963B6}.Release|Any CPU.ActiveCfg = Release|Any CPU
		{D850AAEC-D3C8-4B5C-8482-A0E3DF5963B6}.Release|Any CPU.Build.0 = Release|Any CPU
	EndGlobalSection
	GlobalSection(SolutionProperties) = preSolution
		HideSolutionNode = FALSE
	EndGlobalSection
EndGlobal
