
Microsoft Visual Studio Solution File, Format Version 11.00
# Visual Studio 2010
Project("{FAE04EC0-301F-11D3-BF4B-00C04F79EFBC}") = "Server", "Server\Server.csproj", "{B7C3AE96-A50B-4AA0-B630-8459815DE9D9}"
EndProject
Project("{FAE04EC0-301F-11D3-BF4B-00C04F79EFBC}") = "Client", "Client\Client.csproj", "{24C04729-01BF-4517-A52A-5B482EF1D9E0}"
EndProject
Global
	GlobalSection(SolutionConfigurationPlatforms) = preSolution
		Debug|x86 = Debug|x86
		Release|x86 = Release|x86
	EndGlobalSection
	GlobalSection(ProjectConfigurationPlatforms) = postSolution
		{B7C3AE96-A50B-4AA0-B630-8459815DE9D9}.Debug|x86.ActiveCfg = Debug|x86
		{B7C3AE96-A50B-4AA0-B630-8459815DE9D9}.Debug|x86.Build.0 = Debug|x86
		{B7C3AE96-A50B-4AA0-B630-8459815DE9D9}.Release|x86.ActiveCfg = Release|x86
		{B7C3AE96-A50B-4AA0-B630-8459815DE9D9}.Release|x86.Build.0 = Release|x86
		{24C04729-01BF-4517-A52A-5B482EF1D9E0}.Debug|x86.ActiveCfg = Debug|x86
		{24C04729-01BF-4517-A52A-5B482EF1D9E0}.Debug|x86.Build.0 = Debug|x86
		{24C04729-01BF-4517-A52A-5B482EF1D9E0}.Release|x86.ActiveCfg = Release|x86
		{24C04729-01BF-4517-A52A-5B482EF1D9E0}.Release|x86.Build.0 = Release|x86
	EndGlobalSection
	GlobalSection(SolutionProperties) = preSolution
		HideSolutionNode = FALSE
	EndGlobalSection
EndGlobal
