
Microsoft Visual Studio Solution File, Format Version 11.00
# Visual Studio 2010
Project("{FAE04EC0-301F-11D3-BF4B-00C04F79EFBC}") = "Executive", "Executive\Executive.csproj", "{AD26B7ED-188B-4006-983F-9305921F6C54}"
EndProject
Project("{FAE04EC0-301F-11D3-BF4B-00C04F79EFBC}") = "Secretary", "Secretary\Secretary.csproj", "{E2107DA6-A2B8-4CE9-B2AD-8C0793BBE89D}"
EndProject
Project("{FAE04EC0-301F-11D3-BF4B-00C04F79EFBC}") = "Client", "Client\Client.csproj", "{D4424475-59D9-4DBE-AC5B-4C73FB3052BB}"
EndProject
Global
	GlobalSection(SolutionConfigurationPlatforms) = preSolution
		Debug|x86 = Debug|x86
		Release|x86 = Release|x86
	EndGlobalSection
	GlobalSection(ProjectConfigurationPlatforms) = postSolution
		{AD26B7ED-188B-4006-983F-9305921F6C54}.Debug|x86.ActiveCfg = Debug|x86
		{AD26B7ED-188B-4006-983F-9305921F6C54}.Debug|x86.Build.0 = Debug|x86
		{AD26B7ED-188B-4006-983F-9305921F6C54}.Release|x86.ActiveCfg = Release|x86
		{AD26B7ED-188B-4006-983F-9305921F6C54}.Release|x86.Build.0 = Release|x86
		{E2107DA6-A2B8-4CE9-B2AD-8C0793BBE89D}.Debug|x86.ActiveCfg = Debug|x86
		{E2107DA6-A2B8-4CE9-B2AD-8C0793BBE89D}.Debug|x86.Build.0 = Debug|x86
		{E2107DA6-A2B8-4CE9-B2AD-8C0793BBE89D}.Release|x86.ActiveCfg = Release|x86
		{E2107DA6-A2B8-4CE9-B2AD-8C0793BBE89D}.Release|x86.Build.0 = Release|x86
		{D4424475-59D9-4DBE-AC5B-4C73FB3052BB}.Debug|x86.ActiveCfg = Debug|x86
		{D4424475-59D9-4DBE-AC5B-4C73FB3052BB}.Debug|x86.Build.0 = Debug|x86
		{D4424475-59D9-4DBE-AC5B-4C73FB3052BB}.Release|x86.ActiveCfg = Release|x86
		{D4424475-59D9-4DBE-AC5B-4C73FB3052BB}.Release|x86.Build.0 = Release|x86
	EndGlobalSection
	GlobalSection(SolutionProperties) = preSolution
		HideSolutionNode = FALSE
	EndGlobalSection
EndGlobal
